
Microsoft Visual Studio Solution File, Format Version 12.00
# Visual Studio Version 17
VisualStudioVersion = 17.9.34616.47
MinimumVisualStudioVersion = 10.0.40219.1
Project("{FAE04EC0-301F-11D3-BF4B-00C04F79EFBC}") = "c#lab1", "c#lab1\c#lab1.csproj", "{5F3A1A88-3B65-421A-9012-8BE2C0F711B2}"
EndProject
Global
	GlobalSection(SolutionConfigurationPlatforms) = preSolution
		Debug|Any CPU = Debug|Any CPU
		Release|Any CPU = Release|Any CPU
	EndGlobalSection
	GlobalSection(ProjectConfigurationPlatforms) = postSolution
		{5F3A1A88-3B65-421A-9012-8BE2C0F711B2}.Debug|Any CPU.ActiveCfg = Debug|Any CPU
		{5F3A1A88-3B65-421A-9012-8BE2C0F711B2}.Debug|Any CPU.Build.0 = Debug|Any CPU
		{5F3A1A88-3B65-421A-9012-8BE2C0F711B2}.Release|Any CPU.ActiveCfg = Release|Any CPU
		{5F3A1A88-3B65-421A-9012-8BE2C0F711B2}.Release|Any CPU.Build.0 = Release|Any CPU
	EndGlobalSection
	GlobalSection(SolutionProperties) = preSolution
		HideSolutionNode = FALSE
	EndGlobalSection
	GlobalSection(ExtensibilityGlobals) = postSolution
		SolutionGuid = {FB52CE39-724A-4963-AF4B-EAB32449F8E6}
	EndGlobalSection
EndGlobal
